// !$*UTF8*$!
{
	archiveVersion = 1;
	classes = {
	};
	objectVersion = 46;
	objects = {

/* Begin PBXBuildFile section */
		13A059D56DCA9534F4C1CB3C /* libPods.a in Frameworks */ = {isa = PBXBuildFile; fileRef = B70314F1D51088C3734EE2B9 /* libPods.a */; };
		82068AAD1CBD43E700E03312 /* LICENSE.txt in Resources */ = {isa = PBXBuildFile; fileRef = 82068AA51CBD43E700E03312 /* LICENSE.txt */; };
		82068AAE1CBD43E700E03312 /* README.md in Sources */ = {isa = PBXBuildFile; fileRef = 82068AA61CBD43E700E03312 /* README.md */; };
		82068AAF1CBD43E700E03312 /* SVIndefiniteAnimatedView.m in Sources */ = {isa = PBXBuildFile; fileRef = 82068AA91CBD43E700E03312 /* SVIndefiniteAnimatedView.m */; };
		82068AB01CBD43E700E03312 /* SVProgressHUD.bundle in Resources */ = {isa = PBXBuildFile; fileRef = 82068AAA1CBD43E700E03312 /* SVProgressHUD.bundle */; };
		82068AB11CBD43E700E03312 /* SVProgressHUD.m in Sources */ = {isa = PBXBuildFile; fileRef = 82068AAC1CBD43E700E03312 /* SVProgressHUD.m */; };
		82068AB41CBDD20700E03312 /* GetDataTool.m in Sources */ = {isa = PBXBuildFile; fileRef = 82068AB31CBDD20700E03312 /* GetDataTool.m */; };
		82068AB81CBDDC0500E03312 /* PlayerTableViewCell.m in Sources */ = {isa = PBXBuildFile; fileRef = 82068AB71CBDDC0500E03312 /* PlayerTableViewCell.m */; };
		82068ACC1CBDDD2700E03312 /* EGORefreshTableHeaderView.m in Sources */ = {isa = PBXBuildFile; fileRef = 82068ABC1CBDDD2700E03312 /* EGORefreshTableHeaderView.m */; settings = {COMPILER_FLAGS = "-fno-objc-arc"; }; };
		82068ACD1CBDDD2700E03312 /* LoadMoreTableFooterView.m in Sources */ = {isa = PBXBuildFile; fileRef = 82068ABE1CBDDD2700E03312 /* LoadMoreTableFooterView.m */; settings = {COMPILER_FLAGS = "-fno-objc-arc"; }; };
		82068ACE1CBDDD2700E03312 /* MessageInterceptor.m in Sources */ = {isa = PBXBuildFile; fileRef = 82068AC01CBDDD2700E03312 /* MessageInterceptor.m */; };
		82068ACF1CBDDD2700E03312 /* PullTableView.m in Sources */ = {isa = PBXBuildFile; fileRef = 82068AC21CBDDD2700E03312 /* PullTableView.m */; settings = {COMPILER_FLAGS = "-fno-objc-arc"; }; };
		82068AD01CBDDD2700E03312 /* blackArrow.png in Resources */ = {isa = PBXBuildFile; fileRef = 82068AC41CBDDD2700E03312 /* blackArrow.png */; };
		82068AD11CBDDD2700E03312 /* blackArrow@2x.png in Resources */ = {isa = PBXBuildFile; fileRef = 82068AC51CBDDD2700E03312 /* blackArrow@2x.png */; };
		82068AD21CBDDD2700E03312 /* blueArrow.png in Resources */ = {isa = PBXBuildFile; fileRef = 82068AC61CBDDD2700E03312 /* blueArrow.png */; };
		82068AD31CBDDD2700E03312 /* blueArrow@2x.png in Resources */ = {isa = PBXBuildFile; fileRef = 82068AC71CBDDD2700E03312 /* blueArrow@2x.png */; };
		82068AD41CBDDD2700E03312 /* grayArrow.png in Resources */ = {isa = PBXBuildFile; fileRef = 82068AC81CBDDD2700E03312 /* grayArrow.png */; };
		82068AD51CBDDD2700E03312 /* grayArrow@2x.png in Resources */ = {isa = PBXBuildFile; fileRef = 82068AC91CBDDD2700E03312 /* grayArrow@2x.png */; };
		82068AD61CBDDD2700E03312 /* whiteArrow.png in Resources */ = {isa = PBXBuildFile; fileRef = 82068ACA1CBDDD2700E03312 /* whiteArrow.png */; };
		82068AD71CBDDD2700E03312 /* whiteArrow@2x.png in Resources */ = {isa = PBXBuildFile; fileRef = 82068ACB1CBDDD2700E03312 /* whiteArrow@2x.png */; };
		82068B1A1CBE3C3A00E03312 /* placeholder.png in Resources */ = {isa = PBXBuildFile; fileRef = 82068B191CBE3C3A00E03312 /* placeholder.png */; };
		82068B201CBE413000E03312 /* PlayerListModel.m in Sources */ = {isa = PBXBuildFile; fileRef = 82068B1F1CBE413000E03312 /* PlayerListModel.m */; };
		82068B221CBE5D5100E03312 /* backRound.png in Resources */ = {isa = PBXBuildFile; fileRef = 82068B211CBE5D5100E03312 /* backRound.png */; };
		82068B261CBE839900E03312 /* tabBar_dota.png in Resources */ = {isa = PBXBuildFile; fileRef = 82068B231CBE839900E03312 /* tabBar_dota.png */; };
		82068B271CBE839900E03312 /* tabBar_lol.png in Resources */ = {isa = PBXBuildFile; fileRef = 82068B241CBE839900E03312 /* tabBar_lol.png */; };
		82068B281CBE839900E03312 /* tabBar_mine.png in Resources */ = {isa = PBXBuildFile; fileRef = 82068B251CBE839900E03312 /* tabBar_mine.png */; };
		82068B4B1CBE8B4200E03312 /* MKAnnotationView+WebCache.m in Sources */ = {isa = PBXBuildFile; fileRef = 82068B2B1CBE8B4200E03312 /* MKAnnotationView+WebCache.m */; };
		82068B4C1CBE8B4200E03312 /* NSData+ImageContentType.m in Sources */ = {isa = PBXBuildFile; fileRef = 82068B2D1CBE8B4200E03312 /* NSData+ImageContentType.m */; };
		82068B4D1CBE8B4200E03312 /* SDImageCache.m in Sources */ = {isa = PBXBuildFile; fileRef = 82068B2F1CBE8B4200E03312 /* SDImageCache.m */; };
		82068B4E1CBE8B4200E03312 /* SDWebImageCompat.m in Sources */ = {isa = PBXBuildFile; fileRef = 82068B311CBE8B4200E03312 /* SDWebImageCompat.m */; };
		82068B4F1CBE8B4200E03312 /* SDWebImageDecoder.m in Sources */ = {isa = PBXBuildFile; fileRef = 82068B331CBE8B4200E03312 /* SDWebImageDecoder.m */; };
		82068B501CBE8B4200E03312 /* SDWebImageDownloader.m in Sources */ = {isa = PBXBuildFile; fileRef = 82068B351CBE8B4200E03312 /* SDWebImageDownloader.m */; };
		82068B511CBE8B4200E03312 /* SDWebImageDownloaderOperation.m in Sources */ = {isa = PBXBuildFile; fileRef = 82068B371CBE8B4200E03312 /* SDWebImageDownloaderOperation.m */; };
		82068B521CBE8B4200E03312 /* SDWebImageManager.m in Sources */ = {isa = PBXBuildFile; fileRef = 82068B391CBE8B4200E03312 /* SDWebImageManager.m */; };
		82068B531CBE8B4200E03312 /* SDWebImagePrefetcher.m in Sources */ = {isa = PBXBuildFile; fileRef = 82068B3C1CBE8B4200E03312 /* SDWebImagePrefetcher.m */; };
		82068B541CBE8B4200E03312 /* UIButton+WebCache.m in Sources */ = {isa = PBXBuildFile; fileRef = 82068B3E1CBE8B4200E03312 /* UIButton+WebCache.m */; };
		82068B551CBE8B4200E03312 /* UIImage+GIF.m in Sources */ = {isa = PBXBuildFile; fileRef = 82068B401CBE8B4200E03312 /* UIImage+GIF.m */; };
		82068B561CBE8B4200E03312 /* UIImage+MultiFormat.m in Sources */ = {isa = PBXBuildFile; fileRef = 82068B421CBE8B4200E03312 /* UIImage+MultiFormat.m */; };
		82068B571CBE8B4200E03312 /* UIImage+WebP.m in Sources */ = {isa = PBXBuildFile; fileRef = 82068B441CBE8B4200E03312 /* UIImage+WebP.m */; };
		82068B581CBE8B4200E03312 /* UIImageView+HighlightedWebCache.m in Sources */ = {isa = PBXBuildFile; fileRef = 82068B461CBE8B4200E03312 /* UIImageView+HighlightedWebCache.m */; };
		82068B591CBE8B4200E03312 /* UIImageView+WebCache.m in Sources */ = {isa = PBXBuildFile; fileRef = 82068B481CBE8B4200E03312 /* UIImageView+WebCache.m */; };
		82068B5A1CBE8B4200E03312 /* UIView+WebCacheOperation.m in Sources */ = {isa = PBXBuildFile; fileRef = 82068B4A1CBE8B4200E03312 /* UIView+WebCacheOperation.m */; };
		82068B641CBF28FD00E03312 /* DotaPlayerListViewController.m in Sources */ = {isa = PBXBuildFile; fileRef = 82068B5D1CBF28FD00E03312 /* DotaPlayerListViewController.m */; };
		82068B651CBF28FD00E03312 /* LOLPlayerListViewController.m in Sources */ = {isa = PBXBuildFile; fileRef = 82068B601CBF28FD00E03312 /* LOLPlayerListViewController.m */; };
		82068B661CBF28FD00E03312 /* SettingViewController.m in Sources */ = {isa = PBXBuildFile; fileRef = 82068B631CBF28FD00E03312 /* SettingViewController.m */; };
		82068B6C1CBF2A0400E03312 /* BaseTableView.m in Sources */ = {isa = PBXBuildFile; fileRef = 82068B6B1CBF2A0400E03312 /* BaseTableView.m */; };
		82068B6F1CBF2ADE00E03312 /* BaseListViewController.m in Sources */ = {isa = PBXBuildFile; fileRef = 82068B6E1CBF2ADE00E03312 /* BaseListViewController.m */; };
		823F61EC1CBD30C900EBAE2A /* main.m in Sources */ = {isa = PBXBuildFile; fileRef = 823F61EB1CBD30C900EBAE2A /* main.m */; };
		823F61F71CBD30C900EBAE2A /* Assets.xcassets in Resources */ = {isa = PBXBuildFile; fileRef = 823F61F61CBD30C900EBAE2A /* Assets.xcassets */; };
		823F61FA1CBD30C900EBAE2A /* LaunchScreen.storyboard in Resources */ = {isa = PBXBuildFile; fileRef = 823F61F81CBD30C900EBAE2A /* LaunchScreen.storyboard */; };
		823F62121CBD313D00EBAE2A /* AppDelegate.m in Sources */ = {isa = PBXBuildFile; fileRef = 823F62041CBD313D00EBAE2A /* AppDelegate.m */; };
		823F62151CBD318A00EBAE2A /* CustomTabBarVC.m in Sources */ = {isa = PBXBuildFile; fileRef = 823F62141CBD318A00EBAE2A /* CustomTabBarVC.m */; };
		823F623A1CBD35AB00EBAE2A /* tabbar_background.png in Resources */ = {isa = PBXBuildFile; fileRef = 823F62211CBD35AB00EBAE2A /* tabbar_background.png */; };
		823F623D1CBD35AB00EBAE2A /* tabbar_button_centeradd.png in Resources */ = {isa = PBXBuildFile; fileRef = 823F62241CBD35AB00EBAE2A /* tabbar_button_centeradd.png */; };
		823F62441CBD35AB00EBAE2A /* AppIcon29x29~ipad.png in Resources */ = {isa = PBXBuildFile; fileRef = 823F622C1CBD35AB00EBAE2A /* AppIcon29x29~ipad.png */; };
		823F62451CBD35AB00EBAE2A /* AppIcon57x57.png in Resources */ = {isa = PBXBuildFile; fileRef = 823F622D1CBD35AB00EBAE2A /* AppIcon57x57.png */; };
		823F62461CBD35AB00EBAE2A /* AppIcon57x57@2x.png in Resources */ = {isa = PBXBuildFile; fileRef = 823F622E1CBD35AB00EBAE2A /* AppIcon57x57@2x.png */; };
		823F62471CBD35AB00EBAE2A /* AppIcon60x60@2x.png in Resources */ = {isa = PBXBuildFile; fileRef = 823F622F1CBD35AB00EBAE2A /* AppIcon60x60@2x.png */; };
		823F62481CBD35AB00EBAE2A /* AppIcon72x72~ipad.png in Resources */ = {isa = PBXBuildFile; fileRef = 823F62301CBD35AB00EBAE2A /* AppIcon72x72~ipad.png */; };
		823F62491CBD35AB00EBAE2A /* campus@2x.png in Resources */ = {isa = PBXBuildFile; fileRef = 823F62311CBD35AB00EBAE2A /* campus@2x.png */; };
		823F624A1CBD35AB00EBAE2A /* date@2x.png in Resources */ = {isa = PBXBuildFile; fileRef = 823F62321CBD35AB00EBAE2A /* date@2x.png */; };
		823F624B1CBD35AB00EBAE2A /* denglu06@2x.png in Resources */ = {isa = PBXBuildFile; fileRef = 823F62331CBD35AB00EBAE2A /* denglu06@2x.png */; };
		823F624C1CBD35AB00EBAE2A /* kind@2x.png in Resources */ = {isa = PBXBuildFile; fileRef = 823F62341CBD35AB00EBAE2A /* kind@2x.png */; };
		823F624D1CBD35AB00EBAE2A /* LaunchImage-700-568h@2x.png in Resources */ = {isa = PBXBuildFile; fileRef = 823F62351CBD35AB00EBAE2A /* LaunchImage-700-568h@2x.png */; };
		823F624E1CBD35AB00EBAE2A /* LaunchImage-700@2x.png in Resources */ = {isa = PBXBuildFile; fileRef = 823F62361CBD35AB00EBAE2A /* LaunchImage-700@2x.png */; };
		823F624F1CBD35AB00EBAE2A /* LaunchImage-800-667h@2x.png in Resources */ = {isa = PBXBuildFile; fileRef = 823F62371CBD35AB00EBAE2A /* LaunchImage-800-667h@2x.png */; };
		823F62501CBD35AB00EBAE2A /* LaunchImage-800-Portrait-736h@3x.png in Resources */ = {isa = PBXBuildFile; fileRef = 823F62381CBD35AB00EBAE2A /* LaunchImage-800-Portrait-736h@3x.png */; };
		823F62511CBD35AB00EBAE2A /* location@2x.png in Resources */ = {isa = PBXBuildFile; fileRef = 823F62391CBD35AB00EBAE2A /* location@2x.png */; };
/* End PBXBuildFile section */

/* Begin PBXFileReference section */
		0AE97A1B7842D874FC6D9307 /* Pods.debug.xcconfig */ = {isa = PBXFileReference; includeInIndex = 1; lastKnownFileType = text.xcconfig; name = Pods.debug.xcconfig; path = "Pods/Target Support Files/Pods/Pods.debug.xcconfig"; sourceTree = "<group>"; };
		54A7D40135B0FAF2E84DDCB8 /* Pods.release.xcconfig */ = {isa = PBXFileReference; includeInIndex = 1; lastKnownFileType = text.xcconfig; name = Pods.release.xcconfig; path = "Pods/Target Support Files/Pods/Pods.release.xcconfig"; sourceTree = "<group>"; };
		82068AA51CBD43E700E03312 /* LICENSE.txt */ = {isa = PBXFileReference; fileEncoding = 4; lastKnownFileType = text; path = LICENSE.txt; sourceTree = "<group>"; };
		82068AA61CBD43E700E03312 /* README.md */ = {isa = PBXFileReference; fileEncoding = 4; lastKnownFileType = net.daringfireball.markdown; path = README.md; sourceTree = "<group>"; };
		82068AA81CBD43E700E03312 /* SVIndefiniteAnimatedView.h */ = {isa = PBXFileReference; fileEncoding = 4; lastKnownFileType = sourcecode.c.h; path = SVIndefiniteAnimatedView.h; sourceTree = "<group>"; };
		82068AA91CBD43E700E03312 /* SVIndefiniteAnimatedView.m */ = {isa = PBXFileReference; fileEncoding = 4; lastKnownFileType = sourcecode.c.objc; path = SVIndefiniteAnimatedView.m; sourceTree = "<group>"; };
		82068AAA1CBD43E700E03312 /* SVProgressHUD.bundle */ = {isa = PBXFileReference; lastKnownFileType = "wrapper.plug-in"; path = SVProgressHUD.bundle; sourceTree = "<group>"; };
		82068AAB1CBD43E700E03312 /* SVProgressHUD.h */ = {isa = PBXFileReference; fileEncoding = 4; lastKnownFileType = sourcecode.c.h; path = SVProgressHUD.h; sourceTree = "<group>"; };
		82068AAC1CBD43E700E03312 /* SVProgressHUD.m */ = {isa = PBXFileReference; fileEncoding = 4; lastKnownFileType = sourcecode.c.objc; path = SVProgressHUD.m; sourceTree = "<group>"; };
		82068AB21CBDD20700E03312 /* GetDataTool.h */ = {isa = PBXFileReference; fileEncoding = 4; lastKnownFileType = sourcecode.c.h; path = GetDataTool.h; sourceTree = "<group>"; };
		82068AB31CBDD20700E03312 /* GetDataTool.m */ = {isa = PBXFileReference; fileEncoding = 4; lastKnownFileType = sourcecode.c.objc; path = GetDataTool.m; sourceTree = "<group>"; };
		82068AB61CBDDC0500E03312 /* PlayerTableViewCell.h */ = {isa = PBXFileReference; fileEncoding = 4; lastKnownFileType = sourcecode.c.h; path = PlayerTableViewCell.h; sourceTree = "<group>"; };
		82068AB71CBDDC0500E03312 /* PlayerTableViewCell.m */ = {isa = PBXFileReference; fileEncoding = 4; lastKnownFileType = sourcecode.c.objc; path = PlayerTableViewCell.m; sourceTree = "<group>"; };
		82068ABB1CBDDD2700E03312 /* EGORefreshTableHeaderView.h */ = {isa = PBXFileReference; fileEncoding = 4; lastKnownFileType = sourcecode.c.h; path = EGORefreshTableHeaderView.h; sourceTree = "<group>"; };
		82068ABC1CBDDD2700E03312 /* EGORefreshTableHeaderView.m */ = {isa = PBXFileReference; fileEncoding = 4; lastKnownFileType = sourcecode.c.objc; path = EGORefreshTableHeaderView.m; sourceTree = "<group>"; };
		82068ABD1CBDDD2700E03312 /* LoadMoreTableFooterView.h */ = {isa = PBXFileReference; fileEncoding = 4; lastKnownFileType = sourcecode.c.h; path = LoadMoreTableFooterView.h; sourceTree = "<group>"; };
		82068ABE1CBDDD2700E03312 /* LoadMoreTableFooterView.m */ = {isa = PBXFileReference; fileEncoding = 4; lastKnownFileType = sourcecode.c.objc; path = LoadMoreTableFooterView.m; sourceTree = "<group>"; };
		82068ABF1CBDDD2700E03312 /* MessageInterceptor.h */ = {isa = PBXFileReference; fileEncoding = 4; lastKnownFileType = sourcecode.c.h; path = MessageInterceptor.h; sourceTree = "<group>"; };
		82068AC01CBDDD2700E03312 /* MessageInterceptor.m */ = {isa = PBXFileReference; fileEncoding = 4; lastKnownFileType = sourcecode.c.objc; path = MessageInterceptor.m; sourceTree = "<group>"; };
		82068AC11CBDDD2700E03312 /* PullTableView.h */ = {isa = PBXFileReference; fileEncoding = 4; lastKnownFileType = sourcecode.c.h; path = PullTableView.h; sourceTree = "<group>"; };
		82068AC21CBDDD2700E03312 /* PullTableView.m */ = {isa = PBXFileReference; fileEncoding = 4; lastKnownFileType = sourcecode.c.objc; path = PullTableView.m; sourceTree = "<group>"; };
		82068AC41CBDDD2700E03312 /* blackArrow.png */ = {isa = PBXFileReference; lastKnownFileType = image.png; path = blackArrow.png; sourceTree = "<group>"; };
		82068AC51CBDDD2700E03312 /* blackArrow@2x.png */ = {isa = PBXFileReference; lastKnownFileType = image.png; path = "blackArrow@2x.png"; sourceTree = "<group>"; };
		82068AC61CBDDD2700E03312 /* blueArrow.png */ = {isa = PBXFileReference; lastKnownFileType = image.png; path = blueArrow.png; sourceTree = "<group>"; };
		82068AC71CBDDD2700E03312 /* blueArrow@2x.png */ = {isa = PBXFileReference; lastKnownFileType = image.png; path = "blueArrow@2x.png"; sourceTree = "<group>"; };
		82068AC81CBDDD2700E03312 /* grayArrow.png */ = {isa = PBXFileReference; lastKnownFileType = image.png; path = grayArrow.png; sourceTree = "<group>"; };
		82068AC91CBDDD2700E03312 /* grayArrow@2x.png */ = {isa = PBXFileReference; lastKnownFileType = image.png; path = "grayArrow@2x.png"; sourceTree = "<group>"; };
		82068ACA1CBDDD2700E03312 /* whiteArrow.png */ = {isa = PBXFileReference; lastKnownFileType = image.png; path = whiteArrow.png; sourceTree = "<group>"; };
		82068ACB1CBDDD2700E03312 /* whiteArrow@2x.png */ = {isa = PBXFileReference; lastKnownFileType = image.png; path = "whiteArrow@2x.png"; sourceTree = "<group>"; };
		82068B191CBE3C3A00E03312 /* placeholder.png */ = {isa = PBXFileReference; lastKnownFileType = image.png; path = placeholder.png; sourceTree = "<group>"; };
		82068B1E1CBE413000E03312 /* PlayerListModel.h */ = {isa = PBXFileReference; fileEncoding = 4; lastKnownFileType = sourcecode.c.h; path = PlayerListModel.h; sourceTree = "<group>"; };
		82068B1F1CBE413000E03312 /* PlayerListModel.m */ = {isa = PBXFileReference; fileEncoding = 4; lastKnownFileType = sourcecode.c.objc; path = PlayerListModel.m; sourceTree = "<group>"; };
		82068B211CBE5D5100E03312 /* backRound.png */ = {isa = PBXFileReference; lastKnownFileType = image.png; path = backRound.png; sourceTree = "<group>"; };
		82068B231CBE839900E03312 /* tabBar_dota.png */ = {isa = PBXFileReference; lastKnownFileType = image.png; path = tabBar_dota.png; sourceTree = "<group>"; };
		82068B241CBE839900E03312 /* tabBar_lol.png */ = {isa = PBXFileReference; lastKnownFileType = image.png; path = tabBar_lol.png; sourceTree = "<group>"; };
		82068B251CBE839900E03312 /* tabBar_mine.png */ = {isa = PBXFileReference; lastKnownFileType = image.png; path = tabBar_mine.png; sourceTree = "<group>"; };
		82068B2A1CBE8B4200E03312 /* MKAnnotationView+WebCache.h */ = {isa = PBXFileReference; fileEncoding = 4; lastKnownFileType = sourcecode.c.h; path = "MKAnnotationView+WebCache.h"; sourceTree = "<group>"; };
		82068B2B1CBE8B4200E03312 /* MKAnnotationView+WebCache.m */ = {isa = PBXFileReference; fileEncoding = 4; lastKnownFileType = sourcecode.c.objc; path = "MKAnnotationView+WebCache.m"; sourceTree = "<group>"; };
		82068B2C1CBE8B4200E03312 /* NSData+ImageContentType.h */ = {isa = PBXFileReference; fileEncoding = 4; lastKnownFileType = sourcecode.c.h; path = "NSData+ImageContentType.h"; sourceTree = "<group>"; };
		82068B2D1CBE8B4200E03312 /* NSData+ImageContentType.m */ = {isa = PBXFileReference; fileEncoding = 4; lastKnownFileType = sourcecode.c.objc; path = "NSData+ImageContentType.m"; sourceTree = "<group>"; };
		82068B2E1CBE8B4200E03312 /* SDImageCache.h */ = {isa = PBXFileReference; fileEncoding = 4; lastKnownFileType = sourcecode.c.h; path = SDImageCache.h; sourceTree = "<group>"; };
		82068B2F1CBE8B4200E03312 /* SDImageCache.m */ = {isa = PBXFileReference; fileEncoding = 4; lastKnownFileType = sourcecode.c.objc; path = SDImageCache.m; sourceTree = "<group>"; };
		82068B301CBE8B4200E03312 /* SDWebImageCompat.h */ = {isa = PBXFileReference; fileEncoding = 4; lastKnownFileType = sourcecode.c.h; path = SDWebImageCompat.h; sourceTree = "<group>"; };
		82068B311CBE8B4200E03312 /* SDWebImageCompat.m */ = {isa = PBXFileReference; fileEncoding = 4; lastKnownFileType = sourcecode.c.objc; path = SDWebImageCompat.m; sourceTree = "<group>"; };
		82068B321CBE8B4200E03312 /* SDWebImageDecoder.h */ = {isa = PBXFileReference; fileEncoding = 4; lastKnownFileType = sourcecode.c.h; path = SDWebImageDecoder.h; sourceTree = "<group>"; };
		82068B331CBE8B4200E03312 /* SDWebImageDecoder.m */ = {isa = PBXFileReference; fileEncoding = 4; lastKnownFileType = sourcecode.c.objc; path = SDWebImageDecoder.m; sourceTree = "<group>"; };
		82068B341CBE8B4200E03312 /* SDWebImageDownloader.h */ = {isa = PBXFileReference; fileEncoding = 4; lastKnownFileType = sourcecode.c.h; path = SDWebImageDownloader.h; sourceTree = "<group>"; };
		82068B351CBE8B4200E03312 /* SDWebImageDownloader.m */ = {isa = PBXFileReference; fileEncoding = 4; lastKnownFileType = sourcecode.c.objc; path = SDWebImageDownloader.m; sourceTree = "<group>"; };
		82068B361CBE8B4200E03312 /* SDWebImageDownloaderOperation.h */ = {isa = PBXFileReference; fileEncoding = 4; lastKnownFileType = sourcecode.c.h; path = SDWebImageDownloaderOperation.h; sourceTree = "<group>"; };
		82068B371CBE8B4200E03312 /* SDWebImageDownloaderOperation.m */ = {isa = PBXFileReference; fileEncoding = 4; lastKnownFileType = sourcecode.c.objc; path = SDWebImageDownloaderOperation.m; sourceTree = "<group>"; };
		82068B381CBE8B4200E03312 /* SDWebImageManager.h */ = {isa = PBXFileReference; fileEncoding = 4; lastKnownFileType = sourcecode.c.h; path = SDWebImageManager.h; sourceTree = "<group>"; };
		82068B391CBE8B4200E03312 /* SDWebImageManager.m */ = {isa = PBXFileReference; fileEncoding = 4; lastKnownFileType = sourcecode.c.objc; path = SDWebImageManager.m; sourceTree = "<group>"; };
		82068B3A1CBE8B4200E03312 /* SDWebImageOperation.h */ = {isa = PBXFileReference; fileEncoding = 4; lastKnownFileType = sourcecode.c.h; path = SDWebImageOperation.h; sourceTree = "<group>"; };
		82068B3B1CBE8B4200E03312 /* SDWebImagePrefetcher.h */ = {isa = PBXFileReference; fileEncoding = 4; lastKnownFileType = sourcecode.c.h; path = SDWebImagePrefetcher.h; sourceTree = "<group>"; };
		82068B3C1CBE8B4200E03312 /* SDWebImagePrefetcher.m */ = {isa = PBXFileReference; fileEncoding = 4; lastKnownFileType = sourcecode.c.objc; path = SDWebImagePrefetcher.m; sourceTree = "<group>"; };
		82068B3D1CBE8B4200E03312 /* UIButton+WebCache.h */ = {isa = PBXFileReference; fileEncoding = 4; lastKnownFileType = sourcecode.c.h; path = "UIButton+WebCache.h"; sourceTree = "<group>"; };
		82068B3E1CBE8B4200E03312 /* UIButton+WebCache.m */ = {isa = PBXFileReference; fileEncoding = 4; lastKnownFileType = sourcecode.c.objc; path = "UIButton+WebCache.m"; sourceTree = "<group>"; };
		82068B3F1CBE8B4200E03312 /* UIImage+GIF.h */ = {isa = PBXFileReference; fileEncoding = 4; lastKnownFileType = sourcecode.c.h; path = "UIImage+GIF.h"; sourceTree = "<group>"; };
		82068B401CBE8B4200E03312 /* UIImage+GIF.m */ = {isa = PBXFileReference; fileEncoding = 4; lastKnownFileType = sourcecode.c.objc; path = "UIImage+GIF.m"; sourceTree = "<group>"; };
		82068B411CBE8B4200E03312 /* UIImage+MultiFormat.h */ = {isa = PBXFileReference; fileEncoding = 4; lastKnownFileType = sourcecode.c.h; path = "UIImage+MultiFormat.h"; sourceTree = "<group>"; };
		82068B421CBE8B4200E03312 /* UIImage+MultiFormat.m */ = {isa = PBXFileReference; fileEncoding = 4; lastKnownFileType = sourcecode.c.objc; path = "UIImage+MultiFormat.m"; sourceTree = "<group>"; };
		82068B431CBE8B4200E03312 /* UIImage+WebP.h */ = {isa = PBXFileReference; fileEncoding = 4; lastKnownFileType = sourcecode.c.h; path = "UIImage+WebP.h"; sourceTree = "<group>"; };
		82068B441CBE8B4200E03312 /* UIImage+WebP.m */ = {isa = PBXFileReference; fileEncoding = 4; lastKnownFileType = sourcecode.c.objc; path = "UIImage+WebP.m"; sourceTree = "<group>"; };
		82068B451CBE8B4200E03312 /* UIImageView+HighlightedWebCache.h */ = {isa = PBXFileReference; fileEncoding = 4; lastKnownFileType = sourcecode.c.h; path = "UIImageView+HighlightedWebCache.h"; sourceTree = "<group>"; };
		82068B461CBE8B4200E03312 /* UIImageView+HighlightedWebCache.m */ = {isa = PBXFileReference; fileEncoding = 4; lastKnownFileType = sourcecode.c.objc; path = "UIImageView+HighlightedWebCache.m"; sourceTree = "<group>"; };
		82068B471CBE8B4200E03312 /* UIImageView+WebCache.h */ = {isa = PBXFileReference; fileEncoding = 4; lastKnownFileType = sourcecode.c.h; path = "UIImageView+WebCache.h"; sourceTree = "<group>"; };
		82068B481CBE8B4200E03312 /* UIImageView+WebCache.m */ = {isa = PBXFileReference; fileEncoding = 4; lastKnownFileType = sourcecode.c.objc; path = "UIImageView+WebCache.m"; sourceTree = "<group>"; };
		82068B491CBE8B4200E03312 /* UIView+WebCacheOperation.h */ = {isa = PBXFileReference; fileEncoding = 4; lastKnownFileType = sourcecode.c.h; path = "UIView+WebCacheOperation.h"; sourceTree = "<group>"; };
		82068B4A1CBE8B4200E03312 /* UIView+WebCacheOperation.m */ = {isa = PBXFileReference; fileEncoding = 4; lastKnownFileType = sourcecode.c.objc; path = "UIView+WebCacheOperation.m"; sourceTree = "<group>"; };
		82068B5C1CBF28FD00E03312 /* DotaPlayerListViewController.h */ = {isa = PBXFileReference; fileEncoding = 4; lastKnownFileType = sourcecode.c.h; path = DotaPlayerListViewController.h; sourceTree = "<group>"; };
		82068B5D1CBF28FD00E03312 /* DotaPlayerListViewController.m */ = {isa = PBXFileReference; fileEncoding = 4; lastKnownFileType = sourcecode.c.objc; path = DotaPlayerListViewController.m; sourceTree = "<group>"; };
		82068B5F1CBF28FD00E03312 /* LOLPlayerListViewController.h */ = {isa = PBXFileReference; fileEncoding = 4; lastKnownFileType = sourcecode.c.h; path = LOLPlayerListViewController.h; sourceTree = "<group>"; };
		82068B601CBF28FD00E03312 /* LOLPlayerListViewController.m */ = {isa = PBXFileReference; fileEncoding = 4; lastKnownFileType = sourcecode.c.objc; path = LOLPlayerListViewController.m; sourceTree = "<group>"; };
		82068B621CBF28FD00E03312 /* SettingViewController.h */ = {isa = PBXFileReference; fileEncoding = 4; lastKnownFileType = sourcecode.c.h; path = SettingViewController.h; sourceTree = "<group>"; };
		82068B631CBF28FD00E03312 /* SettingViewController.m */ = {isa = PBXFileReference; fileEncoding = 4; lastKnownFileType = sourcecode.c.objc; path = SettingViewController.m; sourceTree = "<group>"; };
		82068B6A1CBF2A0400E03312 /* BaseTableView.h */ = {isa = PBXFileReference; fileEncoding = 4; lastKnownFileType = sourcecode.c.h; path = BaseTableView.h; sourceTree = "<group>"; };
		82068B6B1CBF2A0400E03312 /* BaseTableView.m */ = {isa = PBXFileReference; fileEncoding = 4; lastKnownFileType = sourcecode.c.objc; path = BaseTableView.m; sourceTree = "<group>"; };
		82068B6D1CBF2ADE00E03312 /* BaseListViewController.h */ = {isa = PBXFileReference; fileEncoding = 4; lastKnownFileType = sourcecode.c.h; path = BaseListViewController.h; sourceTree = "<group>"; };
		82068B6E1CBF2ADE00E03312 /* BaseListViewController.m */ = {isa = PBXFileReference; fileEncoding = 4; lastKnownFileType = sourcecode.c.objc; path = BaseListViewController.m; sourceTree = "<group>"; };
		823F61E71CBD30C900EBAE2A /* NewDoLo.app */ = {isa = PBXFileReference; explicitFileType = wrapper.application; includeInIndex = 0; path = NewDoLo.app; sourceTree = BUILT_PRODUCTS_DIR; };
		823F61EB1CBD30C900EBAE2A /* main.m */ = {isa = PBXFileReference; lastKnownFileType = sourcecode.c.objc; path = main.m; sourceTree = "<group>"; };
		823F61F61CBD30C900EBAE2A /* Assets.xcassets */ = {isa = PBXFileReference; lastKnownFileType = folder.assetcatalog; path = Assets.xcassets; sourceTree = "<group>"; };
		823F61F91CBD30C900EBAE2A /* Base */ = {isa = PBXFileReference; lastKnownFileType = file.storyboard; name = Base; path = Base.lproj/LaunchScreen.storyboard; sourceTree = "<group>"; };
		823F61FB1CBD30C900EBAE2A /* Info.plist */ = {isa = PBXFileReference; lastKnownFileType = text.plist.xml; path = Info.plist; sourceTree = "<group>"; };
		823F62031CBD313D00EBAE2A /* AppDelegate.h */ = {isa = PBXFileReference; fileEncoding = 4; lastKnownFileType = sourcecode.c.h; path = AppDelegate.h; sourceTree = "<group>"; };
		823F62041CBD313D00EBAE2A /* AppDelegate.m */ = {isa = PBXFileReference; fileEncoding = 4; lastKnownFileType = sourcecode.c.objc; path = AppDelegate.m; sourceTree = "<group>"; };
		823F620C1CBD313D00EBAE2A /* APPHeader.h */ = {isa = PBXFileReference; fileEncoding = 4; lastKnownFileType = sourcecode.c.h; path = APPHeader.h; sourceTree = "<group>"; };
		823F620D1CBD313D00EBAE2A /* KEYHeader.h */ = {isa = PBXFileReference; fileEncoding = 4; lastKnownFileType = sourcecode.c.h; path = KEYHeader.h; sourceTree = "<group>"; };
		823F620E1CBD313D00EBAE2A /* THRHeader.h */ = {isa = PBXFileReference; fileEncoding = 4; lastKnownFileType = sourcecode.c.h; path = THRHeader.h; sourceTree = "<group>"; };
		823F620F1CBD313D00EBAE2A /* URLHeader.h */ = {isa = PBXFileReference; fileEncoding = 4; lastKnownFileType = sourcecode.c.h; path = URLHeader.h; sourceTree = "<group>"; };
		823F62131CBD318A00EBAE2A /* CustomTabBarVC.h */ = {isa = PBXFileReference; fileEncoding = 4; lastKnownFileType = sourcecode.c.h; path = CustomTabBarVC.h; sourceTree = "<group>"; };
		823F62141CBD318A00EBAE2A /* CustomTabBarVC.m */ = {isa = PBXFileReference; fileEncoding = 4; lastKnownFileType = sourcecode.c.objc; path = CustomTabBarVC.m; sourceTree = "<group>"; };
		823F621F1CBD320900EBAE2A /* NewDoLo.pch */ = {isa = PBXFileReference; lastKnownFileType = sourcecode.c.h; path = NewDoLo.pch; sourceTree = "<group>"; };
		823F62211CBD35AB00EBAE2A /* tabbar_background.png */ = {isa = PBXFileReference; lastKnownFileType = image.png; path = tabbar_background.png; sourceTree = "<group>"; };
		823F62241CBD35AB00EBAE2A /* tabbar_button_centeradd.png */ = {isa = PBXFileReference; lastKnownFileType = image.png; path = tabbar_button_centeradd.png; sourceTree = "<group>"; };
		823F622C1CBD35AB00EBAE2A /* AppIcon29x29~ipad.png */ = {isa = PBXFileReference; lastKnownFileType = image.png; path = "AppIcon29x29~ipad.png"; sourceTree = "<group>"; };
		823F622D1CBD35AB00EBAE2A /* AppIcon57x57.png */ = {isa = PBXFileReference; lastKnownFileType = image.png; path = AppIcon57x57.png; sourceTree = "<group>"; };
		823F622E1CBD35AB00EBAE2A /* AppIcon57x57@2x.png */ = {isa = PBXFileReference; lastKnownFileType = image.png; path = "AppIcon57x57@2x.png"; sourceTree = "<group>"; };
		823F622F1CBD35AB00EBAE2A /* AppIcon60x60@2x.png */ = {isa = PBXFileReference; lastKnownFileType = image.png; path = "AppIcon60x60@2x.png"; sourceTree = "<group>"; };
		823F62301CBD35AB00EBAE2A /* AppIcon72x72~ipad.png */ = {isa = PBXFileReference; lastKnownFileType = image.png; path = "AppIcon72x72~ipad.png"; sourceTree = "<group>"; };
		823F62311CBD35AB00EBAE2A /* campus@2x.png */ = {isa = PBXFileReference; lastKnownFileType = image.png; path = "campus@2x.png"; sourceTree = "<group>"; };
		823F62321CBD35AB00EBAE2A /* date@2x.png */ = {isa = PBXFileReference; lastKnownFileType = image.png; path = "date@2x.png"; sourceTree = "<group>"; };
		823F62331CBD35AB00EBAE2A /* denglu06@2x.png */ = {isa = PBXFileReference; lastKnownFileType = image.png; path = "denglu06@2x.png"; sourceTree = "<group>"; };
		823F62341CBD35AB00EBAE2A /* kind@2x.png */ = {isa = PBXFileReference; lastKnownFileType = image.png; path = "kind@2x.png"; sourceTree = "<group>"; };
		823F62351CBD35AB00EBAE2A /* LaunchImage-700-568h@2x.png */ = {isa = PBXFileReference; lastKnownFileType = image.png; path = "LaunchImage-700-568h@2x.png"; sourceTree = "<group>"; };
		823F62361CBD35AB00EBAE2A /* LaunchImage-700@2x.png */ = {isa = PBXFileReference; lastKnownFileType = image.png; path = "LaunchImage-700@2x.png"; sourceTree = "<group>"; };
		823F62371CBD35AB00EBAE2A /* LaunchImage-800-667h@2x.png */ = {isa = PBXFileReference; lastKnownFileType = image.png; path = "LaunchImage-800-667h@2x.png"; sourceTree = "<group>"; };
		823F62381CBD35AB00EBAE2A /* LaunchImage-800-Portrait-736h@3x.png */ = {isa = PBXFileReference; lastKnownFileType = image.png; path = "LaunchImage-800-Portrait-736h@3x.png"; sourceTree = "<group>"; };
		823F62391CBD35AB00EBAE2A /* location@2x.png */ = {isa = PBXFileReference; lastKnownFileType = image.png; path = "location@2x.png"; sourceTree = "<group>"; };
		B70314F1D51088C3734EE2B9 /* libPods.a */ = {isa = PBXFileReference; explicitFileType = archive.ar; includeInIndex = 0; path = libPods.a; sourceTree = BUILT_PRODUCTS_DIR; };
/* End PBXFileReference section */

/* Begin PBXFrameworksBuildPhase section */
		823F61E41CBD30C900EBAE2A /* Frameworks */ = {
			isa = PBXFrameworksBuildPhase;
			buildActionMask = 2147483647;
			files = (
				13A059D56DCA9534F4C1CB3C /* libPods.a in Frameworks */,
			);
			runOnlyForDeploymentPostprocessing = 0;
		};
/* End PBXFrameworksBuildPhase section */

/* Begin PBXGroup section */
		0F3C65033020975B19DF4CE4 /* Frameworks */ = {
			isa = PBXGroup;
			children = (
				B70314F1D51088C3734EE2B9 /* libPods.a */,
			);
			name = Frameworks;
			sourceTree = "<group>";
		};
		68C043B6121D245E60C2E923 /* Pods */ = {
			isa = PBXGroup;
			children = (
				0AE97A1B7842D874FC6D9307 /* Pods.debug.xcconfig */,
				54A7D40135B0FAF2E84DDCB8 /* Pods.release.xcconfig */,
			);
			name = Pods;
			sourceTree = "<group>";
		};
		82068AA41CBD43E700E03312 /* SVProgressHUD */ = {
			isa = PBXGroup;
			children = (
				82068AA51CBD43E700E03312 /* LICENSE.txt */,
				82068AA61CBD43E700E03312 /* README.md */,
				82068AA71CBD43E700E03312 /* SVProgressHUD */,
			);
			path = SVProgressHUD;
			sourceTree = "<group>";
		};
		82068AA71CBD43E700E03312 /* SVProgressHUD */ = {
			isa = PBXGroup;
			children = (
				82068AA81CBD43E700E03312 /* SVIndefiniteAnimatedView.h */,
				82068AA91CBD43E700E03312 /* SVIndefiniteAnimatedView.m */,
				82068AAA1CBD43E700E03312 /* SVProgressHUD.bundle */,
				82068AAB1CBD43E700E03312 /* SVProgressHUD.h */,
				82068AAC1CBD43E700E03312 /* SVProgressHUD.m */,
			);
			path = SVProgressHUD;
			sourceTree = "<group>";
		};
		82068AB51CBDDBEC00E03312 /* Cell */ = {
			isa = PBXGroup;
			children = (
				82068AB61CBDDC0500E03312 /* PlayerTableViewCell.h */,
				82068AB71CBDDC0500E03312 /* PlayerTableViewCell.m */,
			);
			path = Cell;
			sourceTree = "<group>";
		};
		82068AB91CBDDD2700E03312 /* EGOTableViewPullRefresh */ = {
			isa = PBXGroup;
			children = (
				82068ABA1CBDDD2700E03312 /* Classes */,
				82068AC31CBDDD2700E03312 /* Resources */,
			);
			path = EGOTableViewPullRefresh;
			sourceTree = "<group>";
		};
		82068ABA1CBDDD2700E03312 /* Classes */ = {
			isa = PBXGroup;
			children = (
				82068ABB1CBDDD2700E03312 /* EGORefreshTableHeaderView.h */,
				82068ABC1CBDDD2700E03312 /* EGORefreshTableHeaderView.m */,
				82068ABD1CBDDD2700E03312 /* LoadMoreTableFooterView.h */,
				82068ABE1CBDDD2700E03312 /* LoadMoreTableFooterView.m */,
				82068ABF1CBDDD2700E03312 /* MessageInterceptor.h */,
				82068AC01CBDDD2700E03312 /* MessageInterceptor.m */,
				82068AC11CBDDD2700E03312 /* PullTableView.h */,
				82068AC21CBDDD2700E03312 /* PullTableView.m */,
			);
			path = Classes;
			sourceTree = "<group>";
		};
		82068AC31CBDDD2700E03312 /* Resources */ = {
			isa = PBXGroup;
			children = (
				82068AC41CBDDD2700E03312 /* blackArrow.png */,
				82068AC51CBDDD2700E03312 /* blackArrow@2x.png */,
				82068AC61CBDDD2700E03312 /* blueArrow.png */,
				82068AC71CBDDD2700E03312 /* blueArrow@2x.png */,
				82068AC81CBDDD2700E03312 /* grayArrow.png */,
				82068AC91CBDDD2700E03312 /* grayArrow@2x.png */,
				82068ACA1CBDDD2700E03312 /* whiteArrow.png */,
				82068ACB1CBDDD2700E03312 /* whiteArrow@2x.png */,
			);
			path = Resources;
			sourceTree = "<group>";
		};
		82068B291CBE8B4200E03312 /* SDWebImage */ = {
			isa = PBXGroup;
			children = (
				82068B2A1CBE8B4200E03312 /* MKAnnotationView+WebCache.h */,
				82068B2B1CBE8B4200E03312 /* MKAnnotationView+WebCache.m */,
				82068B2C1CBE8B4200E03312 /* NSData+ImageContentType.h */,
				82068B2D1CBE8B4200E03312 /* NSData+ImageContentType.m */,
				82068B2E1CBE8B4200E03312 /* SDImageCache.h */,
				82068B2F1CBE8B4200E03312 /* SDImageCache.m */,
				82068B301CBE8B4200E03312 /* SDWebImageCompat.h */,
				82068B311CBE8B4200E03312 /* SDWebImageCompat.m */,
				82068B321CBE8B4200E03312 /* SDWebImageDecoder.h */,
				82068B331CBE8B4200E03312 /* SDWebImageDecoder.m */,
				82068B341CBE8B4200E03312 /* SDWebImageDownloader.h */,
				82068B351CBE8B4200E03312 /* SDWebImageDownloader.m */,
				82068B361CBE8B4200E03312 /* SDWebImageDownloaderOperation.h */,
				82068B371CBE8B4200E03312 /* SDWebImageDownloaderOperation.m */,
				82068B381CBE8B4200E03312 /* SDWebImageManager.h */,
				82068B391CBE8B4200E03312 /* SDWebImageManager.m */,
				82068B3A1CBE8B4200E03312 /* SDWebImageOperation.h */,
				82068B3B1CBE8B4200E03312 /* SDWebImagePrefetcher.h */,
				82068B3C1CBE8B4200E03312 /* SDWebImagePrefetcher.m */,
				82068B3D1CBE8B4200E03312 /* UIButton+WebCache.h */,
				82068B3E1CBE8B4200E03312 /* UIButton+WebCache.m */,
				82068B3F1CBE8B4200E03312 /* UIImage+GIF.h */,
				82068B401CBE8B4200E03312 /* UIImage+GIF.m */,
				82068B411CBE8B4200E03312 /* UIImage+MultiFormat.h */,
				82068B421CBE8B4200E03312 /* UIImage+MultiFormat.m */,
				82068B431CBE8B4200E03312 /* UIImage+WebP.h */,
				82068B441CBE8B4200E03312 /* UIImage+WebP.m */,
				82068B451CBE8B4200E03312 /* UIImageView+HighlightedWebCache.h */,
				82068B461CBE8B4200E03312 /* UIImageView+HighlightedWebCache.m */,
				82068B471CBE8B4200E03312 /* UIImageView+WebCache.h */,
				82068B481CBE8B4200E03312 /* UIImageView+WebCache.m */,
				82068B491CBE8B4200E03312 /* UIView+WebCacheOperation.h */,
				82068B4A1CBE8B4200E03312 /* UIView+WebCacheOperation.m */,
			);
			path = SDWebImage;
			sourceTree = "<group>";
		};
		82068B5B1CBF28FD00E03312 /* DotaController */ = {
			isa = PBXGroup;
			children = (
				82068B5C1CBF28FD00E03312 /* DotaPlayerListViewController.h */,
				82068B5D1CBF28FD00E03312 /* DotaPlayerListViewController.m */,
			);
			path = DotaController;
			sourceTree = "<group>";
		};
		82068B5E1CBF28FD00E03312 /* LOLController */ = {
			isa = PBXGroup;
			children = (
				82068B5F1CBF28FD00E03312 /* LOLPlayerListViewController.h */,
				82068B601CBF28FD00E03312 /* LOLPlayerListViewController.m */,
			);
			path = LOLController;
			sourceTree = "<group>";
		};
		82068B611CBF28FD00E03312 /* SettingController */ = {
			isa = PBXGroup;
			children = (
				82068B621CBF28FD00E03312 /* SettingViewController.h */,
				82068B631CBF28FD00E03312 /* SettingViewController.m */,
			);
			path = SettingController;
			sourceTree = "<group>";
		};
		823F61DE1CBD30C900EBAE2A = {
			isa = PBXGroup;
			children = (
				823F61E91CBD30C900EBAE2A /* NewDoLo */,
				823F61E81CBD30C900EBAE2A /* Products */,
				68C043B6121D245E60C2E923 /* Pods */,
				0F3C65033020975B19DF4CE4 /* Frameworks */,
			);
			sourceTree = "<group>";
		};
		823F61E81CBD30C900EBAE2A /* Products */ = {
			isa = PBXGroup;
			children = (
				823F61E71CBD30C900EBAE2A /* NewDoLo.app */,
			);
			name = Products;
			sourceTree = "<group>";
		};
		823F61E91CBD30C900EBAE2A /* NewDoLo */ = {
			isa = PBXGroup;
			children = (
				823F62011CBD313D00EBAE2A /* Source */,
				823F621F1CBD320900EBAE2A /* NewDoLo.pch */,
				823F61F61CBD30C900EBAE2A /* Assets.xcassets */,
				823F61F81CBD30C900EBAE2A /* LaunchScreen.storyboard */,
				823F61FB1CBD30C900EBAE2A /* Info.plist */,
				823F61EA1CBD30C900EBAE2A /* Supporting Files */,
			);
			path = NewDoLo;
			sourceTree = "<group>";
		};
		823F61EA1CBD30C900EBAE2A /* Supporting Files */ = {
			isa = PBXGroup;
			children = (
				823F61EB1CBD30C900EBAE2A /* main.m */,
			);
			name = "Supporting Files";
			sourceTree = "<group>";
		};
		823F62011CBD313D00EBAE2A /* Source */ = {
			isa = PBXGroup;
			children = (
				823F62021CBD313D00EBAE2A /* Application */,
				823F62051CBD313D00EBAE2A /* BaseClass */,
				823F62061CBD313D00EBAE2A /* CodeClass */,
				823F620B1CBD313D00EBAE2A /* Header */,
				823F62101CBD313D00EBAE2A /* Resources */,
				823F620A1CBD313D00EBAE2A /* Framework */,
				823F62111CBD313D00EBAE2A /* Vender */,
			);
			path = Source;
			sourceTree = "<group>";
		};
		823F62021CBD313D00EBAE2A /* Application */ = {
			isa = PBXGroup;
			children = (
				823F62031CBD313D00EBAE2A /* AppDelegate.h */,
				823F62041CBD313D00EBAE2A /* AppDelegate.m */,
				823F62131CBD318A00EBAE2A /* CustomTabBarVC.h */,
				823F62141CBD318A00EBAE2A /* CustomTabBarVC.m */,
			);
			path = Application;
			sourceTree = "<group>";
		};
		823F62051CBD313D00EBAE2A /* BaseClass */ = {
			isa = PBXGroup;
			children = (
				82068AB21CBDD20700E03312 /* GetDataTool.h */,
				82068AB31CBDD20700E03312 /* GetDataTool.m */,
				82068B6A1CBF2A0400E03312 /* BaseTableView.h */,
				82068B6B1CBF2A0400E03312 /* BaseTableView.m */,
				82068B6D1CBF2ADE00E03312 /* BaseListViewController.h */,
				82068B6E1CBF2ADE00E03312 /* BaseListViewController.m */,
			);
			path = BaseClass;
			sourceTree = "<group>";
		};
		823F62061CBD313D00EBAE2A /* CodeClass */ = {
			isa = PBXGroup;
			children = (
				823F62071CBD313D00EBAE2A /* Controller */,
				823F62081CBD313D00EBAE2A /* Model */,
				823F62091CBD313D00EBAE2A /* View */,
			);
			path = CodeClass;
			sourceTree = "<group>";
		};
		823F62071CBD313D00EBAE2A /* Controller */ = {
			isa = PBXGroup;
			children = (
				82068B5B1CBF28FD00E03312 /* DotaController */,
				82068B5E1CBF28FD00E03312 /* LOLController */,
				82068B611CBF28FD00E03312 /* SettingController */,
			);
			path = Controller;
			sourceTree = "<group>";
		};
		823F62081CBD313D00EBAE2A /* Model */ = {
			isa = PBXGroup;
			children = (
				82068B1E1CBE413000E03312 /* PlayerListModel.h */,
				82068B1F1CBE413000E03312 /* PlayerListModel.m */,
			);
			path = Model;
			sourceTree = "<group>";
		};
		823F62091CBD313D00EBAE2A /* View */ = {
			isa = PBXGroup;
			children = (
				82068AB51CBDDBEC00E03312 /* Cell */,
			);
			path = View;
			sourceTree = "<group>";
		};
		823F620A1CBD313D00EBAE2A /* Framework */ = {
			isa = PBXGroup;
			children = (
			);
			path = Framework;
			sourceTree = "<group>";
		};
		823F620B1CBD313D00EBAE2A /* Header */ = {
			isa = PBXGroup;
			children = (
				823F620C1CBD313D00EBAE2A /* APPHeader.h */,
				823F620D1CBD313D00EBAE2A /* KEYHeader.h */,
				823F620E1CBD313D00EBAE2A /* THRHeader.h */,
				823F620F1CBD313D00EBAE2A /* URLHeader.h */,
			);
			path = Header;
			sourceTree = "<group>";
		};
		823F62101CBD313D00EBAE2A /* Resources */ = {
			isa = PBXGroup;
			children = (
				82068B231CBE839900E03312 /* tabBar_dota.png */,
				82068B241CBE839900E03312 /* tabBar_lol.png */,
				82068B251CBE839900E03312 /* tabBar_mine.png */,
				82068B211CBE5D5100E03312 /* backRound.png */,
				82068B191CBE3C3A00E03312 /* placeholder.png */,
				823F62201CBD35AB00EBAE2A /* imgs */,
			);
			path = Resources;
			sourceTree = "<group>";
		};
		823F62111CBD313D00EBAE2A /* Vender */ = {
			isa = PBXGroup;
			children = (
				82068B291CBE8B4200E03312 /* SDWebImage */,
				82068AB91CBDDD2700E03312 /* EGOTableViewPullRefresh */,
				82068AA41CBD43E700E03312 /* SVProgressHUD */,
			);
			path = Vender;
			sourceTree = "<group>";
		};
		823F62201CBD35AB00EBAE2A /* imgs */ = {
			isa = PBXGroup;
			children = (
				823F62211CBD35AB00EBAE2A /* tabbar_background.png */,
				823F62241CBD35AB00EBAE2A /* tabbar_button_centeradd.png */,
				823F622B1CBD35AB00EBAE2A /* 图标 */,
			);
			path = imgs;
			sourceTree = "<group>";
		};
		823F622B1CBD35AB00EBAE2A /* 图标 */ = {
			isa = PBXGroup;
			children = (
				823F622C1CBD35AB00EBAE2A /* AppIcon29x29~ipad.png */,
				823F622D1CBD35AB00EBAE2A /* AppIcon57x57.png */,
				823F622E1CBD35AB00EBAE2A /* AppIcon57x57@2x.png */,
				823F622F1CBD35AB00EBAE2A /* AppIcon60x60@2x.png */,
				823F62301CBD35AB00EBAE2A /* AppIcon72x72~ipad.png */,
				823F62311CBD35AB00EBAE2A /* campus@2x.png */,
				823F62321CBD35AB00EBAE2A /* date@2x.png */,
				823F62331CBD35AB00EBAE2A /* denglu06@2x.png */,
				823F62341CBD35AB00EBAE2A /* kind@2x.png */,
				823F62351CBD35AB00EBAE2A /* LaunchImage-700-568h@2x.png */,
				823F62361CBD35AB00EBAE2A /* LaunchImage-700@2x.png */,
				823F62371CBD35AB00EBAE2A /* LaunchImage-800-667h@2x.png */,
				823F62381CBD35AB00EBAE2A /* LaunchImage-800-Portrait-736h@3x.png */,
				823F62391CBD35AB00EBAE2A /* location@2x.png */,
			);
			path = "图标";
			sourceTree = "<group>";
		};
/* End PBXGroup section */

/* Begin PBXNativeTarget section */
		823F61E61CBD30C900EBAE2A /* NewDoLo */ = {
			isa = PBXNativeTarget;
			buildConfigurationList = 823F61FE1CBD30C900EBAE2A /* Build configuration list for PBXNativeTarget "NewDoLo" */;
			buildPhases = (
				B608E89F51D004837E768705 /* Check Pods Manifest.lock */,
				823F61E31CBD30C900EBAE2A /* Sources */,
				823F61E41CBD30C900EBAE2A /* Frameworks */,
				823F61E51CBD30C900EBAE2A /* Resources */,
				CFFD8681C01D0A1FC7C2D824 /* Embed Pods Frameworks */,
				1FB07ACF9A0EDBB48028E90F /* Copy Pods Resources */,
			);
			buildRules = (
			);
			dependencies = (
			);
			name = NewDoLo;
			productName = NewDoLo;
			productReference = 823F61E71CBD30C900EBAE2A /* NewDoLo.app */;
			productType = "com.apple.product-type.application";
		};
/* End PBXNativeTarget section */

/* Begin PBXProject section */
		823F61DF1CBD30C900EBAE2A /* Project object */ = {
			isa = PBXProject;
			attributes = {
				LastUpgradeCheck = 0730;
				ORGANIZATIONNAME = "男孩无衣";
				TargetAttributes = {
					823F61E61CBD30C900EBAE2A = {
						CreatedOnToolsVersion = 7.3;
						DevelopmentTeam = 43N73TUAN3;
					};
				};
			};
			buildConfigurationList = 823F61E21CBD30C900EBAE2A /* Build configuration list for PBXProject "NewDoLo" */;
			compatibilityVersion = "Xcode 3.2";
			developmentRegion = English;
			hasScannedForEncodings = 0;
			knownRegions = (
				en,
				Base,
			);
			mainGroup = 823F61DE1CBD30C900EBAE2A;
			productRefGroup = 823F61E81CBD30C900EBAE2A /* Products */;
			projectDirPath = "";
			projectRoot = "";
			targets = (
				823F61E61CBD30C900EBAE2A /* NewDoLo */,
			);
		};
/* End PBXProject section */

/* Begin PBXResourcesBuildPhase section */
		823F61E51CBD30C900EBAE2A /* Resources */ = {
			isa = PBXResourcesBuildPhase;
			buildActionMask = 2147483647;
			files = (
				82068AD31CBDDD2700E03312 /* blueArrow@2x.png in Resources */,
				82068B221CBE5D5100E03312 /* backRound.png in Resources */,
				82068B1A1CBE3C3A00E03312 /* placeholder.png in Resources */,
				82068B261CBE839900E03312 /* tabBar_dota.png in Resources */,
				823F624B1CBD35AB00EBAE2A /* denglu06@2x.png in Resources */,
				823F624D1CBD35AB00EBAE2A /* LaunchImage-700-568h@2x.png in Resources */,
				823F62451CBD35AB00EBAE2A /* AppIcon57x57.png in Resources */,
				823F624E1CBD35AB00EBAE2A /* LaunchImage-700@2x.png in Resources */,
				82068AD01CBDDD2700E03312 /* blackArrow.png in Resources */,
				82068AAD1CBD43E700E03312 /* LICENSE.txt in Resources */,
				82068AD61CBDDD2700E03312 /* whiteArrow.png in Resources */,
				823F62441CBD35AB00EBAE2A /* AppIcon29x29~ipad.png in Resources */,
				82068B281CBE839900E03312 /* tabBar_mine.png in Resources */,
				823F62501CBD35AB00EBAE2A /* LaunchImage-800-Portrait-736h@3x.png in Resources */,
				823F61FA1CBD30C900EBAE2A /* LaunchScreen.storyboard in Resources */,
				823F62461CBD35AB00EBAE2A /* AppIcon57x57@2x.png in Resources */,
				82068AD11CBDDD2700E03312 /* blackArrow@2x.png in Resources */,
				823F623A1CBD35AB00EBAE2A /* tabbar_background.png in Resources */,
				823F62481CBD35AB00EBAE2A /* AppIcon72x72~ipad.png in Resources */,
				823F624A1CBD35AB00EBAE2A /* date@2x.png in Resources */,
				82068B271CBE839900E03312 /* tabBar_lol.png in Resources */,
				82068AD51CBDDD2700E03312 /* grayArrow@2x.png in Resources */,
				823F62511CBD35AB00EBAE2A /* location@2x.png in Resources */,
				823F623D1CBD35AB00EBAE2A /* tabbar_button_centeradd.png in Resources */,
				82068AD41CBDDD2700E03312 /* grayArrow.png in Resources */,
				823F61F71CBD30C900EBAE2A /* Assets.xcassets in Resources */,
				82068AB01CBD43E700E03312 /* SVProgressHUD.bundle in Resources */,
				823F624C1CBD35AB00EBAE2A /* kind@2x.png in Resources */,
				823F624F1CBD35AB00EBAE2A /* LaunchImage-800-667h@2x.png in Resources */,
				82068AD21CBDDD2700E03312 /* blueArrow.png in Resources */,
				823F62471CBD35AB00EBAE2A /* AppIcon60x60@2x.png in Resources */,
				82068AD71CBDDD2700E03312 /* whiteArrow@2x.png in Resources */,
				823F62491CBD35AB00EBAE2A /* campus@2x.png in Resources */,
			);
			runOnlyForDeploymentPostprocessing = 0;
		};
/* End PBXResourcesBuildPhase section */

/* Begin PBXShellScriptBuildPhase section */
		1FB07ACF9A0EDBB48028E90F /* Copy Pods Resources */ = {
			isa = PBXShellScriptBuildPhase;
			buildActionMask = 2147483647;
			files = (
			);
			inputPaths = (
			);
			name = "Copy Pods Resources";
			outputPaths = (
			);
			runOnlyForDeploymentPostprocessing = 0;
			shellPath = /bin/sh;
			shellScript = "\"${SRCROOT}/Pods/Target Support Files/Pods/Pods-resources.sh\"\n";
			showEnvVarsInLog = 0;
		};
		B608E89F51D004837E768705 /* Check Pods Manifest.lock */ = {
			isa = PBXShellScriptBuildPhase;
			buildActionMask = 2147483647;
			files = (
			);
			inputPaths = (
			);
			name = "Check Pods Manifest.lock";
			outputPaths = (
			);
			runOnlyForDeploymentPostprocessing = 0;
			shellPath = /bin/sh;
			shellScript = "diff \"${PODS_ROOT}/../Podfile.lock\" \"${PODS_ROOT}/Manifest.lock\" > /dev/null\nif [[ $? != 0 ]] ; then\n    cat << EOM\nerror: The sandbox is not in sync with the Podfile.lock. Run 'pod install' or update your CocoaPods installation.\nEOM\n    exit 1\nfi\n";
			showEnvVarsInLog = 0;
		};
		CFFD8681C01D0A1FC7C2D824 /* Embed Pods Frameworks */ = {
			isa = PBXShellScriptBuildPhase;
			buildActionMask = 2147483647;
			files = (
			);
			inputPaths = (
			);
			name = "Embed Pods Frameworks";
			outputPaths = (
			);
			runOnlyForDeploymentPostprocessing = 0;
			shellPath = /bin/sh;
			shellScript = "\"${SRCROOT}/Pods/Target Support Files/Pods/Pods-frameworks.sh\"\n";
			showEnvVarsInLog = 0;
		};
/* End PBXShellScriptBuildPhase section */

/* Begin PBXSourcesBuildPhase section */
		823F61E31CBD30C900EBAE2A /* Sources */ = {
			isa = PBXSourcesBuildPhase;
			buildActionMask = 2147483647;
			files = (
				82068B551CBE8B4200E03312 /* UIImage+GIF.m in Sources */,
				82068B6F1CBF2ADE00E03312 /* BaseListViewController.m in Sources */,
				82068ACC1CBDDD2700E03312 /* EGORefreshTableHeaderView.m in Sources */,
				823F62121CBD313D00EBAE2A /* AppDelegate.m in Sources */,
				82068AB41CBDD20700E03312 /* GetDataTool.m in Sources */,
				82068B571CBE8B4200E03312 /* UIImage+WebP.m in Sources */,
				82068B4C1CBE8B4200E03312 /* NSData+ImageContentType.m in Sources */,
				82068B6C1CBF2A0400E03312 /* BaseTableView.m in Sources */,
				82068AB81CBDDC0500E03312 /* PlayerTableViewCell.m in Sources */,
				82068B4F1CBE8B4200E03312 /* SDWebImageDecoder.m in Sources */,
				82068B201CBE413000E03312 /* PlayerListModel.m in Sources */,
				82068B541CBE8B4200E03312 /* UIButton+WebCache.m in Sources */,
				82068B651CBF28FD00E03312 /* LOLPlayerListViewController.m in Sources */,
				82068B521CBE8B4200E03312 /* SDWebImageManager.m in Sources */,
				82068AAF1CBD43E700E03312 /* SVIndefiniteAnimatedView.m in Sources */,
				82068B591CBE8B4200E03312 /* UIImageView+WebCache.m in Sources */,
				82068AAE1CBD43E700E03312 /* README.md in Sources */,
				82068B661CBF28FD00E03312 /* SettingViewController.m in Sources */,
				82068ACD1CBDDD2700E03312 /* LoadMoreTableFooterView.m in Sources */,
				82068AB11CBD43E700E03312 /* SVProgressHUD.m in Sources */,
				823F61EC1CBD30C900EBAE2A /* main.m in Sources */,
				82068B581CBE8B4200E03312 /* UIImageView+HighlightedWebCache.m in Sources */,
				82068B501CBE8B4200E03312 /* SDWebImageDownloader.m in Sources */,
				82068B531CBE8B4200E03312 /* SDWebImagePrefetcher.m in Sources */,
				823F62151CBD318A00EBAE2A /* CustomTabBarVC.m in Sources */,
				82068B641CBF28FD00E03312 /* DotaPlayerListViewController.m in Sources */,
				82068B4D1CBE8B4200E03312 /* SDImageCache.m in Sources */,
				82068B511CBE8B4200E03312 /* SDWebImageDownloaderOperation.m in Sources */,
				82068B4B1CBE8B4200E03312 /* MKAnnotationView+WebCache.m in Sources */,
				82068B561CBE8B4200E03312 /* UIImage+MultiFormat.m in Sources */,
				82068B5A1CBE8B4200E03312 /* UIView+WebCacheOperation.m in Sources */,
				82068B4E1CBE8B4200E03312 /* SDWebImageCompat.m in Sources */,
				82068ACF1CBDDD2700E03312 /* PullTableView.m in Sources */,
				82068ACE1CBDDD2700E03312 /* MessageInterceptor.m in Sources */,
			);
			runOnlyForDeploymentPostprocessing = 0;
		};
/* End PBXSourcesBuildPhase section */

/* Begin PBXVariantGroup section */
		823F61F81CBD30C900EBAE2A /* LaunchScreen.storyboard */ = {
			isa = PBXVariantGroup;
			children = (
				823F61F91CBD30C900EBAE2A /* Base */,
			);
			name = LaunchScreen.storyboard;
			sourceTree = "<group>";
		};
/* End PBXVariantGroup section */

/* Begin XCBuildConfiguration section */
		823F61FC1CBD30C900EBAE2A /* Debug */ = {
			isa = XCBuildConfiguration;
			buildSettings = {
				ALWAYS_SEARCH_USER_PATHS = NO;
				CLANG_ANALYZER_NONNULL = YES;
				CLANG_CXX_LANGUAGE_STANDARD = "gnu++0x";
				CLANG_CXX_LIBRARY = "libc++";
				CLANG_ENABLE_MODULES = YES;
				CLANG_ENABLE_OBJC_ARC = YES;
				CLANG_WARN_BOOL_CONVERSION = YES;
				CLANG_WARN_CONSTANT_CONVERSION = YES;
				CLANG_WARN_DIRECT_OBJC_ISA_USAGE = YES_ERROR;
				CLANG_WARN_EMPTY_BODY = YES;
				CLANG_WARN_ENUM_CONVERSION = YES;
				CLANG_WARN_INT_CONVERSION = YES;
				CLANG_WARN_OBJC_ROOT_CLASS = YES_ERROR;
				CLANG_WARN_UNREACHABLE_CODE = YES;
				CLANG_WARN__DUPLICATE_METHOD_MATCH = YES;
				"CODE_SIGN_IDENTITY[sdk=iphoneos*]" = "iPhone Developer";
				COPY_PHASE_STRIP = NO;
				DEBUG_INFORMATION_FORMAT = dwarf;
				ENABLE_STRICT_OBJC_MSGSEND = YES;
				ENABLE_TESTABILITY = YES;
				GCC_C_LANGUAGE_STANDARD = gnu99;
				GCC_DYNAMIC_NO_PIC = NO;
				GCC_NO_COMMON_BLOCKS = YES;
				GCC_OPTIMIZATION_LEVEL = 0;
				GCC_PREPROCESSOR_DEFINITIONS = (
					"DEBUG=1",
					"$(inherited)",
				);
				GCC_WARN_64_TO_32_BIT_CONVERSION = YES;
				GCC_WARN_ABOUT_RETURN_TYPE = YES_ERROR;
				GCC_WARN_UNDECLARED_SELECTOR = YES;
				GCC_WARN_UNINITIALIZED_AUTOS = YES_AGGRESSIVE;
				GCC_WARN_UNUSED_FUNCTION = YES;
				GCC_WARN_UNUSED_VARIABLE = YES;
				IPHONEOS_DEPLOYMENT_TARGET = 9.3;
				MTL_ENABLE_DEBUG_INFO = YES;
				ONLY_ACTIVE_ARCH = YES;
				SDKROOT = iphoneos;
			};
			name = Debug;
		};
		823F61FD1CBD30C900EBAE2A /* Release */ = {
			isa = XCBuildConfiguration;
			buildSettings = {
				ALWAYS_SEARCH_USER_PATHS = NO;
				CLANG_ANALYZER_NONNULL = YES;
				CLANG_CXX_LANGUAGE_STANDARD = "gnu++0x";
				CLANG_CXX_LIBRARY = "libc++";
				CLANG_ENABLE_MODULES = YES;
				CLANG_ENABLE_OBJC_ARC = YES;
				CLANG_WARN_BOOL_CONVERSION = YES;
				CLANG_WARN_CONSTANT_CONVERSION = YES;
				CLANG_WARN_DIRECT_OBJC_ISA_USAGE = YES_ERROR;
				CLANG_WARN_EMPTY_BODY = YES;
				CLANG_WARN_ENUM_CONVERSION = YES;
				CLANG_WARN_INT_CONVERSION = YES;
				CLANG_WARN_OBJC_ROOT_CLASS = YES_ERROR;
				CLANG_WARN_UNREACHABLE_CODE = YES;
				CLANG_WARN__DUPLICATE_METHOD_MATCH = YES;
				"CODE_SIGN_IDENTITY[sdk=iphoneos*]" = "iPhone Developer";
				COPY_PHASE_STRIP = NO;
				DEBUG_INFORMATION_FORMAT = "dwarf-with-dsym";
				ENABLE_NS_ASSERTIONS = NO;
				ENABLE_STRICT_OBJC_MSGSEND = YES;
				GCC_C_LANGUAGE_STANDARD = gnu99;
				GCC_NO_COMMON_BLOCKS = YES;
				GCC_WARN_64_TO_32_BIT_CONVERSION = YES;
				GCC_WARN_ABOUT_RETURN_TYPE = YES_ERROR;
				GCC_WARN_UNDECLARED_SELECTOR = YES;
				GCC_WARN_UNINITIALIZED_AUTOS = YES_AGGRESSIVE;
				GCC_WARN_UNUSED_FUNCTION = YES;
				GCC_WARN_UNUSED_VARIABLE = YES;
				IPHONEOS_DEPLOYMENT_TARGET = 9.3;
				MTL_ENABLE_DEBUG_INFO = NO;
				SDKROOT = iphoneos;
				VALIDATE_PRODUCT = YES;
			};
			name = Release;
		};
		823F61FF1CBD30C900EBAE2A /* Debug */ = {
			isa = XCBuildConfiguration;
			baseConfigurationReference = 0AE97A1B7842D874FC6D9307 /* Pods.debug.xcconfig */;
			buildSettings = {
				ASSETCATALOG_COMPILER_APPICON_NAME = AppIcon;
				CODE_SIGN_IDENTITY = "iPhone Developer";
				"CODE_SIGN_IDENTITY[sdk=iphoneos*]" = "iPhone Developer";
				GCC_PRECOMPILE_PREFIX_HEADER = YES;
				GCC_PREFIX_HEADER = "$(SRCROOT)/NewDoLo/NewDoLo.pch";
				INFOPLIST_FILE = NewDoLo/Info.plist;
				IPHONEOS_DEPLOYMENT_TARGET = 9.1;
				LD_RUNPATH_SEARCH_PATHS = "$(inherited) @executable_path/Frameworks";
				PRODUCT_BUNDLE_IDENTIFIER = com.lucidy.NewDoLo;
				PRODUCT_NAME = "$(TARGET_NAME)";
				PROVISIONING_PROFILE = "";
			};
			name = Debug;
		};
		823F62001CBD30C900EBAE2A /* Release */ = {
			isa = XCBuildConfiguration;
			baseConfigurationReference = 54A7D40135B0FAF2E84DDCB8 /* Pods.release.xcconfig */;
			buildSettings = {
				ASSETCATALOG_COMPILER_APPICON_NAME = AppIcon;
				CODE_SIGN_IDENTITY = "iPhone Developer";
				"CODE_SIGN_IDENTITY[sdk=iphoneos*]" = "iPhone Developer";
				GCC_PRECOMPILE_PREFIX_HEADER = YES;
				GCC_PREFIX_HEADER = "$(SRCROOT)/NewDoLo/NewDoLo.pch";
				INFOPLIST_FILE = NewDoLo/Info.plist;
				IPHONEOS_DEPLOYMENT_TARGET = 9.1;
				LD_RUNPATH_SEARCH_PATHS = "$(inherited) @executable_path/Frameworks";
				PRODUCT_BUNDLE_IDENTIFIER = com.lucidy.NewDoLo;
				PRODUCT_NAME = "$(TARGET_NAME)";
				PROVISIONING_PROFILE = "";
			};
			name = Release;
		};
/* End XCBuildConfiguration section */

/* Begin XCConfigurationList section */
		823F61E21CBD30C900EBAE2A /* Build configuration list for PBXProject "NewDoLo" */ = {
			isa = XCConfigurationList;
			buildConfigurations = (
				823F61FC1CBD30C900EBAE2A /* Debug */,
				823F61FD1CBD30C900EBAE2A /* Release */,
			);
			defaultConfigurationIsVisible = 0;
			defaultConfigurationName = Release;
		};
		823F61FE1CBD30C900EBAE2A /* Build configuration list for PBXNativeTarget "NewDoLo" */ = {
			isa = XCConfigurationList;
			buildConfigurations = (
				823F61FF1CBD30C900EBAE2A /* Debug */,
				823F62001CBD30C900EBAE2A /* Release */,
			);
			defaultConfigurationIsVisible = 0;
			defaultConfigurationName = Release;
		};
/* End XCConfigurationList section */
	};
	rootObject = 823F61DF1CBD30C900EBAE2A /* Project object */;
}
